
Microsoft Visual Studio Solution File, Format Version 12.00
# Visual Studio 15
VisualStudioVersion = 15.0.27004.2010
MinimumVisualStudioVersion = 10.0.40219.1
Project("{FAE04EC0-301F-11D3-BF4B-00C04F79EFBC}") = "Muzika", "Muzika\Muzika.csproj", "{4B8D57EA-FFCF-4C9A-ADA0-6F82CF6A3E81}"
EndProject
Project("{FAE04EC0-301F-11D3-BF4B-00C04F79EFBC}") = "ViewMethods", "View\ViewMethods.csproj", "{4B6FA9BA-D461-4BFA-85D4-77460BEDD322}"
EndProject
Global
	GlobalSection(SolutionConfigurationPlatforms) = preSolution
		Debug|Any CPU = Debug|Any CPU
		Release|Any CPU = Release|Any CPU
	EndGlobalSection
	GlobalSection(ProjectConfigurationPlatforms) = postSolution
		{4B8D57EA-FFCF-4C9A-ADA0-6F82CF6A3E81}.Debug|Any CPU.ActiveCfg = Debug|Any CPU
		{4B8D57EA-FFCF-4C9A-ADA0-6F82CF6A3E81}.Debug|Any CPU.Build.0 = Debug|Any CPU
		{4B8D57EA-FFCF-4C9A-ADA0-6F82CF6A3E81}.Debug|Any CPU.Deploy.0 = Debug|Any CPU
		{4B8D57EA-FFCF-4C9A-ADA0-6F82CF6A3E81}.Release|Any CPU.ActiveCfg = Release|Any CPU
		{4B8D57EA-FFCF-4C9A-ADA0-6F82CF6A3E81}.Release|Any CPU.Build.0 = Release|Any CPU
		{4B8D57EA-FFCF-4C9A-ADA0-6F82CF6A3E81}.Release|Any CPU.Deploy.0 = Release|Any CPU
		{4B6FA9BA-D461-4BFA-85D4-77460BEDD322}.Debug|Any CPU.ActiveCfg = Debug|Any CPU
		{4B6FA9BA-D461-4BFA-85D4-77460BEDD322}.Debug|Any CPU.Build.0 = Debug|Any CPU
		{4B6FA9BA-D461-4BFA-85D4-77460BEDD322}.Release|Any CPU.ActiveCfg = Release|Any CPU
		{4B6FA9BA-D461-4BFA-85D4-77460BEDD322}.Release|Any CPU.Build.0 = Release|Any CPU
	EndGlobalSection
	GlobalSection(SolutionProperties) = preSolution
		HideSolutionNode = FALSE
	EndGlobalSection
	GlobalSection(ExtensibilityGlobals) = postSolution
		SolutionGuid = {7C75D762-049E-44B5-A591-B03EAD606BF3}
	EndGlobalSection
EndGlobal
